
Microsoft Visual Studio Solution File, Format Version 11.00
# Visual Studio 2010
Project("{FAE04EC0-301F-11D3-BF4B-00C04F79EFBC}") = "SilverlightApp", "SilverlightApp\SilverlightApp.csproj", "{A32DF755-29B0-4459-A463-A773B90A9F52}"
EndProject
Project("{FAE04EC0-301F-11D3-BF4B-00C04F79EFBC}") = "Phone.Controls.Samples.SL", "Phone.Controls.Samples\Phone.Controls.Samples.SL.csproj", "{891CA7DF-7DCD-47E8-AFE4-2C06B410E125}"
EndProject
Global
	GlobalSection(SolutionConfigurationPlatforms) = preSolution
		Debug|Any CPU = Debug|Any CPU
		Release|Any CPU = Release|Any CPU
	EndGlobalSection
	GlobalSection(ProjectConfigurationPlatforms) = postSolution
		{A32DF755-29B0-4459-A463-A773B90A9F52}.Debug|Any CPU.ActiveCfg = Debug|Any CPU
		{A32DF755-29B0-4459-A463-A773B90A9F52}.Debug|Any CPU.Build.0 = Debug|Any CPU
		{A32DF755-29B0-4459-A463-A773B90A9F52}.Release|Any CPU.ActiveCfg = Release|Any CPU
		{A32DF755-29B0-4459-A463-A773B90A9F52}.Release|Any CPU.Build.0 = Release|Any CPU
		{891CA7DF-7DCD-47E8-AFE4-2C06B410E125}.Debug|Any CPU.ActiveCfg = Debug|Any CPU
		{891CA7DF-7DCD-47E8-AFE4-2C06B410E125}.Debug|Any CPU.Build.0 = Debug|Any CPU
		{891CA7DF-7DCD-47E8-AFE4-2C06B410E125}.Release|Any CPU.ActiveCfg = Release|Any CPU
		{891CA7DF-7DCD-47E8-AFE4-2C06B410E125}.Release|Any CPU.Build.0 = Release|Any CPU
	EndGlobalSection
	GlobalSection(SolutionProperties) = preSolution
		HideSolutionNode = FALSE
	EndGlobalSection
EndGlobal
